// !$*UTF8*$!
{
	archiveVersion = 1;
	classes = {
	};
	objectVersion = 55;
	objects = {

/* Begin PBXBuildFile section */
		A918FE1E27615EB6000C19FB /* AppDelegate.swift in Sources */ = {isa = PBXBuildFile; fileRef = A918FE1D27615EB6000C19FB /* AppDelegate.swift */; };
		A918FE2027615EB7000C19FB /* SceneDelegate.swift in Sources */ = {isa = PBXBuildFile; fileRef = A918FE1F27615EB7000C19FB /* SceneDelegate.swift */; };
		A918FE2527615EB7000C19FB /* Main.storyboard in Resources */ = {isa = PBXBuildFile; fileRef = A918FE2327615EB7000C19FB /* Main.storyboard */; };
		A918FE2827615EB7000C19FB /* sourcetreeTest.xcdatamodeld in Sources */ = {isa = PBXBuildFile; fileRef = A918FE2627615EB7000C19FB /* sourcetreeTest.xcdatamodeld */; };
		A918FE2A27615EBB000C19FB /* Assets.xcassets in Resources */ = {isa = PBXBuildFile; fileRef = A918FE2927615EBB000C19FB /* Assets.xcassets */; };
		A918FE2D27615EBB000C19FB /* LaunchScreen.storyboard in Resources */ = {isa = PBXBuildFile; fileRef = A918FE2B27615EBB000C19FB /* LaunchScreen.storyboard */; };
		A918FE35276161FB000C19FB /* TableList.swift in Sources */ = {isa = PBXBuildFile; fileRef = A918FE34276161FB000C19FB /* TableList.swift */; };
		A918FE3727616258000C19FB /* TableFavorite.swift in Sources */ = {isa = PBXBuildFile; fileRef = A918FE3627616258000C19FB /* TableFavorite.swift */; };
/* End PBXBuildFile section */

/* Begin PBXFileReference section */
		A918FE1A27615EB6000C19FB /* sourcetreeTest.app */ = {isa = PBXFileReference; explicitFileType = wrapper.application; includeInIndex = 0; path = sourcetreeTest.app; sourceTree = BUILT_PRODUCTS_DIR; };
		A918FE1D27615EB6000C19FB /* AppDelegate.swift */ = {isa = PBXFileReference; lastKnownFileType = sourcecode.swift; path = AppDelegate.swift; sourceTree = "<group>"; };
		A918FE1F27615EB7000C19FB /* SceneDelegate.swift */ = {isa = PBXFileReference; lastKnownFileType = sourcecode.swift; path = SceneDelegate.swift; sourceTree = "<group>"; };
		A918FE2427615EB7000C19FB /* Base */ = {isa = PBXFileReference; lastKnownFileType = file.storyboard; name = Base; path = Base.lproj/Main.storyboard; sourceTree = "<group>"; };
		A918FE2727615EB7000C19FB /* sourcetreeTest.xcdatamodel */ = {isa = PBXFileReference; lastKnownFileType = wrapper.xcdatamodel; path = sourcetreeTest.xcdatamodel; sourceTree = "<group>"; };
		A918FE2927615EBB000C19FB /* Assets.xcassets */ = {isa = PBXFileReference; lastKnownFileType = folder.assetcatalog; path = Assets.xcassets; sourceTree = "<group>"; };
		A918FE2C27615EBB000C19FB /* Base */ = {isa = PBXFileReference; lastKnownFileType = file.storyboard; name = Base; path = Base.lproj/LaunchScreen.storyboard; sourceTree = "<group>"; };
		A918FE2E27615EBB000C19FB /* Info.plist */ = {isa = PBXFileReference; lastKnownFileType = text.plist.xml; path = Info.plist; sourceTree = "<group>"; };
		A918FE34276161FB000C19FB /* TableList.swift */ = {isa = PBXFileReference; lastKnownFileType = sourcecode.swift; path = TableList.swift; sourceTree = "<group>"; };
		A918FE3627616258000C19FB /* TableFavorite.swift */ = {isa = PBXFileReference; lastKnownFileType = sourcecode.swift; path = TableFavorite.swift; sourceTree = "<group>"; };
/* End PBXFileReference section */

/* Begin PBXFrameworksBuildPhase section */
		A918FE1727615EB6000C19FB /* Frameworks */ = {
			isa = PBXFrameworksBuildPhase;
			buildActionMask = 2147483647;
			files = (
			);
			runOnlyForDeploymentPostprocessing = 0;
		};
/* End PBXFrameworksBuildPhase section */

/* Begin PBXGroup section */
		A918FE1127615EB6000C19FB = {
			isa = PBXGroup;
			children = (
				A918FE1C27615EB6000C19FB /* sourcetreeTest */,
				A918FE1B27615EB6000C19FB /* Products */,
			);
			sourceTree = "<group>";
		};
		A918FE1B27615EB6000C19FB /* Products */ = {
			isa = PBXGroup;
			children = (
				A918FE1A27615EB6000C19FB /* sourcetreeTest.app */,
			);
			name = Products;
			sourceTree = "<group>";
		};
		A918FE1C27615EB6000C19FB /* sourcetreeTest */ = {
			isa = PBXGroup;
			children = (
				A918FE1D27615EB6000C19FB /* AppDelegate.swift */,
				A918FE1F27615EB7000C19FB /* SceneDelegate.swift */,
				A918FE34276161FB000C19FB /* TableList.swift */,
				A918FE3627616258000C19FB /* TableFavorite.swift */,
				A918FE2327615EB7000C19FB /* Main.storyboard */,
				A918FE2927615EBB000C19FB /* Assets.xcassets */,
				A918FE2B27615EBB000C19FB /* LaunchScreen.storyboard */,
				A918FE2E27615EBB000C19FB /* Info.plist */,
				A918FE2627615EB7000C19FB /* sourcetreeTest.xcdatamodeld */,
			);
			path = sourcetreeTest;
			sourceTree = "<group>";
		};
/* End PBXGroup section */

/* Begin PBXNativeTarget section */
		A918FE1927615EB6000C19FB /* sourcetreeTest */ = {
			isa = PBXNativeTarget;
			buildConfigurationList = A918FE3127615EBB000C19FB /* Build configuration list for PBXNativeTarget "sourcetreeTest" */;
			buildPhases = (
				A918FE1627615EB6000C19FB /* Sources */,
				A918FE1727615EB6000C19FB /* Frameworks */,
				A918FE1827615EB6000C19FB /* Resources */,
			);
			buildRules = (
			);
			dependencies = (
			);
			name = sourcetreeTest;
			productName = sourcetreeTest;
			productReference = A918FE1A27615EB6000C19FB /* sourcetreeTest.app */;
			productType = "com.apple.product-type.application";
		};
/* End PBXNativeTarget section */

/* Begin PBXProject section */
		A918FE1227615EB6000C19FB /* Project object */ = {
			isa = PBXProject;
			attributes = {
				BuildIndependentTargetsInParallel = 1;
				LastSwiftUpdateCheck = 1310;
				LastUpgradeCheck = 1310;
				TargetAttributes = {
					A918FE1927615EB6000C19FB = {
						CreatedOnToolsVersion = 13.1;
					};
				};
			};
			buildConfigurationList = A918FE1527615EB6000C19FB /* Build configuration list for PBXProject "sourcetreeTest" */;
			compatibilityVersion = "Xcode 13.0";
			developmentRegion = en;
			hasScannedForEncodings = 0;
			knownRegions = (
				en,
				Base,
			);
			mainGroup = A918FE1127615EB6000C19FB;
			productRefGroup = A918FE1B27615EB6000C19FB /* Products */;
			projectDirPath = "";
			projectRoot = "";
			targets = (
				A918FE1927615EB6000C19FB /* sourcetreeTest */,
			);
		};
/* End PBXProject section */

/* Begin PBXResourcesBuildPhase section */
		A918FE1827615EB6000C19FB /* Resources */ = {
			isa = PBXResourcesBuildPhase;
			buildActionMask = 2147483647;
			files = (
				A918FE2D27615EBB000C19FB /* LaunchScreen.storyboard in Resources */,
				A918FE2A27615EBB000C19FB /* Assets.xcassets in Resources */,
				A918FE2527615EB7000C19FB /* Main.storyboard in Resources */,
			);
			runOnlyForDeploymentPostprocessing = 0;
		};
/* End PBXResourcesBuildPhase section */

/* Begin PBXSourcesBuildPhase section */
		A918FE1627615EB6000C19FB /* Sources */ = {
			isa = PBXSourcesBuildPhase;
			buildActionMask = 2147483647;
			files = (
				A918FE2827615EB7000C19FB /* sourcetreeTest.xcdatamodeld in Sources */,
				A918FE1E27615EB6000C19FB /* AppDelegate.swift in Sources */,
				A918FE35276161FB000C19FB /* TableList.swift in Sources */,
				A918FE2027615EB7000C19FB /* SceneDelegate.swift in Sources */,
				A918FE3727616258000C19FB /* TableFavorite.swift in Sources */,
			);
			runOnlyForDeploymentPostprocessing = 0;
		};
/* End PBXSourcesBuildPhase section */

/* Begin PBXVariantGroup section */
		A918FE2327615EB7000C19FB /* Main.storyboard */ = {
			isa = PBXVariantGroup;
			children = (
				A918FE2427615EB7000C19FB /* Base */,
			);
			name = Main.storyboard;
			sourceTree = "<group>";
		};
		A918FE2B27615EBB000C19FB /* LaunchScreen.storyboard */ = {
			isa = PBXVariantGroup;
			children = (
				A918FE2C27615EBB000C19FB /* Base */,
			);
			name = LaunchScreen.storyboard;
			sourceTree = "<group>";
		};
/* End PBXVariantGroup section */

/* Begin XCBuildConfiguration section */
		A918FE2F27615EBB000C19FB /* Debug */ = {
			isa = XCBuildConfiguration;
			buildSettings = {
				ALWAYS_SEARCH_USER_PATHS = NO;
				CLANG_ANALYZER_NONNULL = YES;
				CLANG_ANALYZER_NUMBER_OBJECT_CONVERSION = YES_AGGRESSIVE;
				CLANG_CXX_LANGUAGE_STANDARD = "gnu++17";
				CLANG_CXX_LIBRARY = "libc++";
				CLANG_ENABLE_MODULES = YES;
				CLANG_ENABLE_OBJC_ARC = YES;
				CLANG_ENABLE_OBJC_WEAK = YES;
				CLANG_WARN_BLOCK_CAPTURE_AUTORELEASING = YES;
				CLANG_WARN_BOOL_CONVERSION = YES;
				CLANG_WARN_COMMA = YES;
				CLANG_WARN_CONSTANT_CONVERSION = YES;
				CLANG_WARN_DEPRECATED_OBJC_IMPLEMENTATIONS = YES;
				CLANG_WARN_DIRECT_OBJC_ISA_USAGE = YES_ERROR;
				CLANG_WARN_DOCUMENTATION_COMMENTS = YES;
				CLANG_WARN_EMPTY_BODY = YES;
				CLANG_WARN_ENUM_CONVERSION = YES;
				CLANG_WARN_INFINITE_RECURSION = YES;
				CLANG_WARN_INT_CONVERSION = YES;
				CLANG_WARN_NON_LITERAL_NULL_CONVERSION = YES;
				CLANG_WARN_OBJC_IMPLICIT_RETAIN_SELF = YES;
				CLANG_WARN_OBJC_LITERAL_CONVERSION = YES;
				CLANG_WARN_OBJC_ROOT_CLASS = YES_ERROR;
				CLANG_WARN_QUOTED_INCLUDE_IN_FRAMEWORK_HEADER = YES;
				CLANG_WARN_RANGE_LOOP_ANALYSIS = YES;
				CLANG_WARN_STRICT_PROTOTYPES = YES;
				CLANG_WARN_SUSPICIOUS_MOVE = YES;
				CLANG_WARN_UNGUARDED_AVAILABILITY = YES_AGGRESSIVE;
				CLANG_WARN_UNREACHABLE_CODE = YES;
				CLANG_WARN__DUPLICATE_METHOD_MATCH = YES;
				COPY_PHASE_STRIP = NO;
				DEBUG_INFORMATION_FORMAT = dwarf;
				ENABLE_STRICT_OBJC_MSGSEND = YES;
				ENABLE_TESTABILITY = YES;
				GCC_C_LANGUAGE_STANDARD = gnu11;
				GCC_DYNAMIC_NO_PIC = NO;
				GCC_NO_COMMON_BLOCKS = YES;
				GCC_OPTIMIZATION_LEVEL = 0;
				GCC_PREPROCESSOR_DEFINITIONS = (
					"DEBUG=1",
					"$(inherited)",
				);
				GCC_WARN_64_TO_32_BIT_CONVERSION = YES;
				GCC_WARN_ABOUT_RETURN_TYPE = YES_ERROR;
				GCC_WARN_UNDECLARED_SELECTOR = YES;
				GCC_WARN_UNINITIALIZED_AUTOS = YES_AGGRESSIVE;
				GCC_WARN_UNUSED_FUNCTION = YES;
				GCC_WARN_UNUSED_VARIABLE = YES;
				IPHONEOS_DEPLOYMENT_TARGET = 15.0;
				MTL_ENABLE_DEBUG_INFO = INCLUDE_SOURCE;
				MTL_FAST_MATH = YES;
				ONLY_ACTIVE_ARCH = YES;
				SDKROOT = iphoneos;
				SWIFT_ACTIVE_COMPILATION_CONDITIONS = DEBUG;
				SWIFT_OPTIMIZATION_LEVEL = "-Onone";
			};
			name = Debug;
		};
		A918FE3027615EBB000C19FB /* Release */ = {
			isa = XCBuildConfiguration;
			buildSettings = {
				ALWAYS_SEARCH_USER_PATHS = NO;
				CLANG_ANALYZER_NONNULL = YES;
				CLANG_ANALYZER_NUMBER_OBJECT_CONVERSION = YES_AGGRESSIVE;
				CLANG_CXX_LANGUAGE_STANDARD = "gnu++17";
				CLANG_CXX_LIBRARY = "libc++";
				CLANG_ENABLE_MODULES = YES;
				CLANG_ENABLE_OBJC_ARC = YES;
				CLANG_ENABLE_OBJC_WEAK = YES;
				CLANG_WARN_BLOCK_CAPTURE_AUTORELEASING = YES;
				CLANG_WARN_BOOL_CONVERSION = YES;
				CLANG_WARN_COMMA = YES;
				CLANG_WARN_CONSTANT_CONVERSION = YES;
				CLANG_WARN_DEPRECATED_OBJC_IMPLEMENTATIONS = YES;
				CLANG_WARN_DIRECT_OBJC_ISA_USAGE = YES_ERROR;
				CLANG_WARN_DOCUMENTATION_COMMENTS = YES;
				CLANG_WARN_EMPTY_BODY = YES;
				CLANG_WARN_ENUM_CONVERSION = YES;
				CLANG_WARN_INFINITE_RECURSION = YES;
				CLANG_WARN_INT_CONVERSION = YES;
				CLANG_WARN_NON_LITERAL_NULL_CONVERSION = YES;
				CLANG_WARN_OBJC_IMPLICIT_RETAIN_SELF = YES;
				CLANG_WARN_OBJC_LITERAL_CONVERSION = YES;
				CLANG_WARN_OBJC_ROOT_CLASS = YES_ERROR;
				CLANG_WARN_QUOTED_INCLUDE_IN_FRAMEWORK_HEADER = YES;
				CLANG_WARN_RANGE_LOOP_ANALYSIS = YES;
				CLANG_WARN_STRICT_PROTOTYPES = YES;
				CLANG_WARN_SUSPICIOUS_MOVE = YES;
				CLANG_WARN_UNGUARDED_AVAILABILITY = YES_AGGRESSIVE;
				CLANG_WARN_UNREACHABLE_CODE = YES;
				CLANG_WARN__DUPLICATE_METHOD_MATCH = YES;
				COPY_PHASE_STRIP = NO;
				DEBUG_INFORMATION_FORMAT = "dwarf-with-dsym";
				ENABLE_NS_ASSERTIONS = NO;
				ENABLE_STRICT_OBJC_MSGSEND = YES;
				GCC_C_LANGUAGE_STANDARD = gnu11;
				GCC_NO_COMMON_BLOCKS = YES;
				GCC_WARN_64_TO_32_BIT_CONVERSION = YES;
				GCC_WARN_ABOUT_RETURN_TYPE = YES_ERROR;
				GCC_WARN_UNDECLARED_SELECTOR = YES;
				GCC_WARN_UNINITIALIZED_AUTOS = YES_AGGRESSIVE;
				GCC_WARN_UNUSED_FUNCTION = YES;
				GCC_WARN_UNUSED_VARIABLE = YES;
				IPHONEOS_DEPLOYMENT_TARGET = 15.0;
				MTL_ENABLE_DEBUG_INFO = NO;
				MTL_FAST_MATH = YES;
				SDKROOT = iphoneos;
				SWIFT_COMPILATION_MODE = wholemodule;
				SWIFT_OPTIMIZATION_LEVEL = "-O";
				VALIDATE_PRODUCT = YES;
			};
			name = Release;
		};
		A918FE3227615EBB000C19FB /* Debug */ = {
			isa = XCBuildConfiguration;
			buildSettings = {
				ASSETCATALOG_COMPILER_APPICON_NAME = AppIcon;
				ASSETCATALOG_COMPILER_GLOBAL_ACCENT_COLOR_NAME = AccentColor;
				CODE_SIGN_STYLE = Automatic;
				CURRENT_PROJECT_VERSION = 1;
				GENERATE_INFOPLIST_FILE = YES;
				INFOPLIST_FILE = sourcetreeTest/Info.plist;
				INFOPLIST_KEY_UIApplicationSupportsIndirectInputEvents = YES;
				INFOPLIST_KEY_UILaunchStoryboardName = LaunchScreen;
				INFOPLIST_KEY_UIMainStoryboardFile = Main;
				INFOPLIST_KEY_UISupportedInterfaceOrientations_iPad = "UIInterfaceOrientationPortrait UIInterfaceOrientationPortraitUpsideDown UIInterfaceOrientationLandscapeLeft UIInterfaceOrientationLandscapeRight";
				INFOPLIST_KEY_UISupportedInterfaceOrientations_iPhone = "UIInterfaceOrientationPortrait UIInterfaceOrientationLandscapeLeft UIInterfaceOrientationLandscapeRight";
				LD_RUNPATH_SEARCH_PATHS = (
					"$(inherited)",
					"@executable_path/Frameworks",
				);
				MARKETING_VERSION = 1.0;
				PRODUCT_BUNDLE_IDENTIFIER = "com-ilya.sourcetreeTest";
				PRODUCT_NAME = "$(TARGET_NAME)";
				SWIFT_EMIT_LOC_STRINGS = YES;
				SWIFT_VERSION = 5.0;
				TARGETED_DEVICE_FAMILY = "1,2";
			};
			name = Debug;
		};
		A918FE3327615EBB000C19FB /* Release */ = {
			isa = XCBuildConfiguration;
			buildSettings = {
				ASSETCATALOG_COMPILER_APPICON_NAME = AppIcon;
				ASSETCATALOG_COMPILER_GLOBAL_ACCENT_COLOR_NAME = AccentColor;
				CODE_SIGN_STYLE = Automatic;
				CURRENT_PROJECT_VERSION = 1;
				GENERATE_INFOPLIST_FILE = YES;
				INFOPLIST_FILE = sourcetreeTest/Info.plist;
				INFOPLIST_KEY_UIApplicationSupportsIndirectInputEvents = YES;
				INFOPLIST_KEY_UILaunchStoryboardName = LaunchScreen;
				INFOPLIST_KEY_UIMainStoryboardFile = Main;
				INFOPLIST_KEY_UISupportedInterfaceOrientations_iPad = "UIInterfaceOrientationPortrait UIInterfaceOrientationPortraitUpsideDown UIInterfaceOrientationLandscapeLeft UIInterfaceOrientationLandscapeRight";
				INFOPLIST_KEY_UISupportedInterfaceOrientations_iPhone = "UIInterfaceOrientationPortrait UIInterfaceOrientationLandscapeLeft UIInterfaceOrientationLandscapeRight";
				LD_RUNPATH_SEARCH_PATHS = (
					"$(inherited)",
					"@executable_path/Frameworks",
				);
				MARKETING_VERSION = 1.0;
				PRODUCT_BUNDLE_IDENTIFIER = "com-ilya.sourcetreeTest";
				PRODUCT_NAME = "$(TARGET_NAME)";
				SWIFT_EMIT_LOC_STRINGS = YES;
				SWIFT_VERSION = 5.0;
				TARGETED_DEVICE_FAMILY = "1,2";
			};
			name = Release;
		};
/* End XCBuildConfiguration section */

/* Begin XCConfigurationList section */
		A918FE1527615EB6000C19FB /* Build configuration list for PBXProject "sourcetreeTest" */ = {
			isa = XCConfigurationList;
			buildConfigurations = (
				A918FE2F27615EBB000C19FB /* Debug */,
				A918FE3027615EBB000C19FB /* Release */,
			);
			defaultConfigurationIsVisible = 0;
			defaultConfigurationName = Release;
		};
		A918FE3127615EBB000C19FB /* Build configuration list for PBXNativeTarget "sourcetreeTest" */ = {
			isa = XCConfigurationList;
			buildConfigurations = (
				A918FE3227615EBB000C19FB /* Debug */,
				A918FE3327615EBB000C19FB /* Release */,
			);
			defaultConfigurationIsVisible = 0;
			defaultConfigurationName = Release;
		};
/* End XCConfigurationList section */

/* Begin XCVersionGroup section */
		A918FE2627615EB7000C19FB /* sourcetreeTest.xcdatamodeld */ = {
			isa = XCVersionGroup;
			children = (
				A918FE2727615EB7000C19FB /* sourcetreeTest.xcdatamodel */,
			);
			currentVersion = A918FE2727615EB7000C19FB /* sourcetreeTest.xcdatamodel */;
			path = sourcetreeTest.xcdatamodeld;
			sourceTree = "<group>";
			versionGroupType = wrapper.xcdatamodel;
		};
/* End XCVersionGroup section */
	};
	rootObject = A918FE1227615EB6000C19FB /* Project object */;
}
